
Microsoft Visual Studio Solution File, Format Version 12.00
# Visual Studio Version 17
VisualStudioVersion = 17.1.32328.378
MinimumVisualStudioVersion = 10.0.40219.1
Project("{FAE04EC0-301F-11D3-BF4B-00C04F79EFBC}") = "TreinoAluraCap1", "TreinoAluraCap1\TreinoAluraCap1.csproj", "{662CA7E4-5F44-4ED3-BDC1-C2FA77F0B900}"
EndProject
Project("{FAE04EC0-301F-11D3-BF4B-00C04F79EFBC}") = "CreatingVariable", "..\CreatingVariable\CreatingVariable.csproj", "{116B2502-B358-41AA-ACF8-ABF995E16F1E}"
EndProject
Project("{FAE04EC0-301F-11D3-BF4B-00C04F79EFBC}") = "CreatingVariableDouble", "..\CreatingVariableDouble\CreatingVariableDouble.csproj", "{0FBFEC14-CDAA-4E23-B09F-C6CEC5FFC75F}"
EndProject
Project("{FAE04EC0-301F-11D3-BF4B-00C04F79EFBC}") = "ConversoesTiposNumericos", "..\ConversoesTiposNumericos\ConversoesTiposNumericos.csproj", "{37917568-8E1F-4BAE-BF26-80DAF3B8999A}"
EndProject
Project("{FAE04EC0-301F-11D3-BF4B-00C04F79EFBC}") = "CaracteresTextos", "..\CaracteresTextos\CaracteresTextos.csproj", "{80D3A977-EAAC-489E-9260-98F8CB05F687}"
EndProject
Project("{FAE04EC0-301F-11D3-BF4B-00C04F79EFBC}") = "Condicionais", "..\Condicionais\Condicionais.csproj", "{3EE89EA3-EFD3-4624-AFF7-6E209F008DA3}"
EndProject
Project("{FAE04EC0-301F-11D3-BF4B-00C04F79EFBC}") = "Condicionais2", "Condicionais2\Condicionais2.csproj", "{AEBDF3AD-297A-4CE7-B013-2381E1752741}"
EndProject
Project("{FAE04EC0-301F-11D3-BF4B-00C04F79EFBC}") = "Escopo", "Escopo\Escopo.csproj", "{482B89E8-33F2-4ED4-A016-2E9779E05EA8}"
EndProject
Project("{FAE04EC0-301F-11D3-BF4B-00C04F79EFBC}") = "ExJoaoIR", "..\ExJoaoIR\ExJoaoIR.csproj", "{B8D87A9F-1BBD-4409-A160-DDBE8C6FCAA2}"
EndProject
Project("{FAE04EC0-301F-11D3-BF4B-00C04F79EFBC}") = "SwitchCase", "..\SwitchCase\SwitchCase.csproj", "{527E5C77-87C8-41C3-8FFF-6F5ABA6EF3B1}"
EndProject
Project("{FAE04EC0-301F-11D3-BF4B-00C04F79EFBC}") = "ConsoleApp1", "..\ConsoleApp1\ConsoleApp1.csproj", "{1A5FD6C9-C3CD-49C9-ACDF-52065053B8B6}"
EndProject
Project("{FAE04EC0-301F-11D3-BF4B-00C04F79EFBC}") = "LacoFor", "..\LacoFor\LacoFor.csproj", "{02A24157-1C5F-41FA-95F8-2838BF0CA60F}"
EndProject
Project("{FAE04EC0-301F-11D3-BF4B-00C04F79EFBC}") = "lacoForEncadeado", "..\lacoForEncadeado\lacoForEncadeado.csproj", "{78D91A33-F6F1-40DE-B005-03C582659785}"
EndProject
Project("{FAE04EC0-301F-11D3-BF4B-00C04F79EFBC}") = "DesafioMultp3", "..\DesafioMultp3\DesafioMultp3.csproj", "{B2FD1C22-7FEA-4626-B8BE-490A0070D797}"
EndProject
Project("{FAE04EC0-301F-11D3-BF4B-00C04F79EFBC}") = "DesafioFatorial", "..\DesafioFatorial\DesafioFatorial.csproj", "{084C87E8-42BE-47ED-A0FF-9791B39EFC6B}"
EndProject
Global
	GlobalSection(SolutionConfigurationPlatforms) = preSolution
		Debug|Any CPU = Debug|Any CPU
		Release|Any CPU = Release|Any CPU
	EndGlobalSection
	GlobalSection(ProjectConfigurationPlatforms) = postSolution
		{662CA7E4-5F44-4ED3-BDC1-C2FA77F0B900}.Debug|Any CPU.ActiveCfg = Debug|Any CPU
		{662CA7E4-5F44-4ED3-BDC1-C2FA77F0B900}.Debug|Any CPU.Build.0 = Debug|Any CPU
		{662CA7E4-5F44-4ED3-BDC1-C2FA77F0B900}.Release|Any CPU.ActiveCfg = Release|Any CPU
		{662CA7E4-5F44-4ED3-BDC1-C2FA77F0B900}.Release|Any CPU.Build.0 = Release|Any CPU
		{116B2502-B358-41AA-ACF8-ABF995E16F1E}.Debug|Any CPU.ActiveCfg = Debug|Any CPU
		{116B2502-B358-41AA-ACF8-ABF995E16F1E}.Debug|Any CPU.Build.0 = Debug|Any CPU
		{116B2502-B358-41AA-ACF8-ABF995E16F1E}.Release|Any CPU.ActiveCfg = Release|Any CPU
		{116B2502-B358-41AA-ACF8-ABF995E16F1E}.Release|Any CPU.Build.0 = Release|Any CPU
		{0FBFEC14-CDAA-4E23-B09F-C6CEC5FFC75F}.Debug|Any CPU.ActiveCfg = Debug|Any CPU
		{0FBFEC14-CDAA-4E23-B09F-C6CEC5FFC75F}.Debug|Any CPU.Build.0 = Debug|Any CPU
		{0FBFEC14-CDAA-4E23-B09F-C6CEC5FFC75F}.Release|Any CPU.ActiveCfg = Release|Any CPU
		{0FBFEC14-CDAA-4E23-B09F-C6CEC5FFC75F}.Release|Any CPU.Build.0 = Release|Any CPU
		{37917568-8E1F-4BAE-BF26-80DAF3B8999A}.Debug|Any CPU.ActiveCfg = Debug|Any CPU
		{37917568-8E1F-4BAE-BF26-80DAF3B8999A}.Debug|Any CPU.Build.0 = Debug|Any CPU
		{37917568-8E1F-4BAE-BF26-80DAF3B8999A}.Release|Any CPU.ActiveCfg = Release|Any CPU
		{37917568-8E1F-4BAE-BF26-80DAF3B8999A}.Release|Any CPU.Build.0 = Release|Any CPU
		{80D3A977-EAAC-489E-9260-98F8CB05F687}.Debug|Any CPU.ActiveCfg = Debug|Any CPU
		{80D3A977-EAAC-489E-9260-98F8CB05F687}.Debug|Any CPU.Build.0 = Debug|Any CPU
		{80D3A977-EAAC-489E-9260-98F8CB05F687}.Release|Any CPU.ActiveCfg = Release|Any CPU
		{80D3A977-EAAC-489E-9260-98F8CB05F687}.Release|Any CPU.Build.0 = Release|Any CPU
		{3EE89EA3-EFD3-4624-AFF7-6E209F008DA3}.Debug|Any CPU.ActiveCfg = Debug|Any CPU
		{3EE89EA3-EFD3-4624-AFF7-6E209F008DA3}.Debug|Any CPU.Build.0 = Debug|Any CPU
		{3EE89EA3-EFD3-4624-AFF7-6E209F008DA3}.Release|Any CPU.ActiveCfg = Release|Any CPU
		{3EE89EA3-EFD3-4624-AFF7-6E209F008DA3}.Release|Any CPU.Build.0 = Release|Any CPU
		{AEBDF3AD-297A-4CE7-B013-2381E1752741}.Debug|Any CPU.ActiveCfg = Debug|Any CPU
		{AEBDF3AD-297A-4CE7-B013-2381E1752741}.Debug|Any CPU.Build.0 = Debug|Any CPU
		{AEBDF3AD-297A-4CE7-B013-2381E1752741}.Release|Any CPU.ActiveCfg = Release|Any CPU
		{AEBDF3AD-297A-4CE7-B013-2381E1752741}.Release|Any CPU.Build.0 = Release|Any CPU
		{482B89E8-33F2-4ED4-A016-2E9779E05EA8}.Debug|Any CPU.ActiveCfg = Debug|Any CPU
		{482B89E8-33F2-4ED4-A016-2E9779E05EA8}.Debug|Any CPU.Build.0 = Debug|Any CPU
		{482B89E8-33F2-4ED4-A016-2E9779E05EA8}.Release|Any CPU.ActiveCfg = Release|Any CPU
		{482B89E8-33F2-4ED4-A016-2E9779E05EA8}.Release|Any CPU.Build.0 = Release|Any CPU
		{B8D87A9F-1BBD-4409-A160-DDBE8C6FCAA2}.Debug|Any CPU.ActiveCfg = Debug|Any CPU
		{B8D87A9F-1BBD-4409-A160-DDBE8C6FCAA2}.Debug|Any CPU.Build.0 = Debug|Any CPU
		{B8D87A9F-1BBD-4409-A160-DDBE8C6FCAA2}.Release|Any CPU.ActiveCfg = Release|Any CPU
		{B8D87A9F-1BBD-4409-A160-DDBE8C6FCAA2}.Release|Any CPU.Build.0 = Release|Any CPU
		{527E5C77-87C8-41C3-8FFF-6F5ABA6EF3B1}.Debug|Any CPU.ActiveCfg = Debug|Any CPU
		{527E5C77-87C8-41C3-8FFF-6F5ABA6EF3B1}.Debug|Any CPU.Build.0 = Debug|Any CPU
		{527E5C77-87C8-41C3-8FFF-6F5ABA6EF3B1}.Release|Any CPU.ActiveCfg = Release|Any CPU
		{527E5C77-87C8-41C3-8FFF-6F5ABA6EF3B1}.Release|Any CPU.Build.0 = Release|Any CPU
		{1A5FD6C9-C3CD-49C9-ACDF-52065053B8B6}.Debug|Any CPU.ActiveCfg = Debug|Any CPU
		{1A5FD6C9-C3CD-49C9-ACDF-52065053B8B6}.Debug|Any CPU.Build.0 = Debug|Any CPU
		{1A5FD6C9-C3CD-49C9-ACDF-52065053B8B6}.Release|Any CPU.ActiveCfg = Release|Any CPU
		{1A5FD6C9-C3CD-49C9-ACDF-52065053B8B6}.Release|Any CPU.Build.0 = Release|Any CPU
		{02A24157-1C5F-41FA-95F8-2838BF0CA60F}.Debug|Any CPU.ActiveCfg = Debug|Any CPU
		{02A24157-1C5F-41FA-95F8-2838BF0CA60F}.Debug|Any CPU.Build.0 = Debug|Any CPU
		{02A24157-1C5F-41FA-95F8-2838BF0CA60F}.Release|Any CPU.ActiveCfg = Release|Any CPU
		{02A24157-1C5F-41FA-95F8-2838BF0CA60F}.Release|Any CPU.Build.0 = Release|Any CPU
		{78D91A33-F6F1-40DE-B005-03C582659785}.Debug|Any CPU.ActiveCfg = Debug|Any CPU
		{78D91A33-F6F1-40DE-B005-03C582659785}.Debug|Any CPU.Build.0 = Debug|Any CPU
		{78D91A33-F6F1-40DE-B005-03C582659785}.Release|Any CPU.ActiveCfg = Release|Any CPU
		{78D91A33-F6F1-40DE-B005-03C582659785}.Release|Any CPU.Build.0 = Release|Any CPU
		{B2FD1C22-7FEA-4626-B8BE-490A0070D797}.Debug|Any CPU.ActiveCfg = Debug|Any CPU
		{B2FD1C22-7FEA-4626-B8BE-490A0070D797}.Debug|Any CPU.Build.0 = Debug|Any CPU
		{B2FD1C22-7FEA-4626-B8BE-490A0070D797}.Release|Any CPU.ActiveCfg = Release|Any CPU
		{B2FD1C22-7FEA-4626-B8BE-490A0070D797}.Release|Any CPU.Build.0 = Release|Any CPU
		{084C87E8-42BE-47ED-A0FF-9791B39EFC6B}.Debug|Any CPU.ActiveCfg = Debug|Any CPU
		{084C87E8-42BE-47ED-A0FF-9791B39EFC6B}.Debug|Any CPU.Build.0 = Debug|Any CPU
		{084C87E8-42BE-47ED-A0FF-9791B39EFC6B}.Release|Any CPU.ActiveCfg = Release|Any CPU
		{084C87E8-42BE-47ED-A0FF-9791B39EFC6B}.Release|Any CPU.Build.0 = Release|Any CPU
	EndGlobalSection
	GlobalSection(SolutionProperties) = preSolution
		HideSolutionNode = FALSE
	EndGlobalSection
	GlobalSection(ExtensibilityGlobals) = postSolution
		SolutionGuid = {AC54C831-ADF8-4A63-8787-E11B4368F415}
	EndGlobalSection
EndGlobal
